
Microsoft Visual Studio Solution File, Format Version 11.00
# Visual Studio 2010
# SharpDevelop 4.4
Project("{FAE04EC0-301F-11D3-BF4B-00C04F79EFBC}") = "Frist", "Frist\Frist.csproj", "{529A3E18-462C-4AAA-958E-61E1E162A1C4}"
EndProject
Global
	GlobalSection(SolutionConfigurationPlatforms) = preSolution
		Debug|Any CPU = Debug|Any CPU
		Release|Any CPU = Release|Any CPU
	EndGlobalSection
	GlobalSection(ProjectConfigurationPlatforms) = postSolution
		{529A3E18-462C-4AAA-958E-61E1E162A1C4}.Debug|Any CPU.Build.0 = Debug|Any CPU
		{529A3E18-462C-4AAA-958E-61E1E162A1C4}.Debug|Any CPU.ActiveCfg = Debug|Any CPU
		{529A3E18-462C-4AAA-958E-61E1E162A1C4}.Release|Any CPU.Build.0 = Release|Any CPU
		{529A3E18-462C-4AAA-958E-61E1E162A1C4}.Release|Any CPU.ActiveCfg = Release|Any CPU
	EndGlobalSection
EndGlobal
